{
  "name": "@taxui/taxui",
  "version": "1.0.0",
  "lockfileVersion": 3,
  "requires": true,
  "packages": {
    "": {
      "name": "@taxui/taxui",
      "version": "1.0.0",
      "license": "MIT",
      "dependencies": {
        "@taxui/taxui": "^1.0.0"
      }
    },
    "node_modules/@taxui/taxui": {
      "version": "1.0.0",
      "resolved": "https://registry.npmjs.org/@taxui/taxui/-/taxui-1.0.0.tgz",
      "integrity": "sha512-ZeyjfANbAV76C+1vxK6n8Dvfj/mgiYrvX+29z7LQ14QScRDUXYybyQeFkOBUp6oBFw+PvuvZ8yrFBdsf0otd/w==",
      "license": "MIT"
    }
  }
}
